{
  "requires": true,
  "lockfileVersion": 1,
  "dependencies": {
    "@fullcalendar/common": {
      "version": "5.3.1",
      "resolved": "https://registry.npmjs.org/@fullcalendar/common/-/common-5.3.1.tgz",
      "integrity": "sha512-2PREEpiFQSDN5MNdoD/OkpJ+d7FPtN2TwTJMsuq3fTjmj3nM+utrxBmUr9a2F6WWW1X+xGU5nHQA52vhqIiQOQ==",
      "requires": {
        "tslib": "^2.0.0"
      }
    },
    "@fullcalendar/core": {
      "version": "5.3.1",
      "resolved": "https://registry.npmjs.org/@fullcalendar/core/-/core-5.3.1.tgz",
      "integrity": "sha512-CqcpMimyuTf4DI+s1Se9bjVQMa2PDGtTBj8CYaCf8nSu+Wc6/RoimhIiA5bDTyg4KQFqXFT8ojt1avC05ZBvgg==",
      "requires": {
        "@fullcalendar/common": "~5.3.1",
        "preact": "^10.0.5",
        "tslib": "^2.0.0"
      }
    },
    "@fullcalendar/daygrid": {
      "version": "5.3.2",
      "resolved": "https://registry.npmjs.org/@fullcalendar/daygrid/-/daygrid-5.3.2.tgz",
      "integrity": "sha512-BK+YIecF3q9d/+6lAnf6WiJEEs7Wpa/mu9gXpkEf8vn4nl2bicPHUwykg5dUMCBy7ADAkDoL7VuBVi0XBRtPYw==",
      "requires": {
        "@fullcalendar/common": "~5.3.1",
        "tslib": "^2.0.0"
      }
    },
    "@fullcalendar/vue": {
      "version": "5.3.1",
      "resolved": "https://registry.npmjs.org/@fullcalendar/vue/-/vue-5.3.1.tgz",
      "integrity": "sha512-8HukIHYupWbpOBioQrCoubkPNFGtMqYX+uvSKLIgkn36eyJ+B4eJwli8ZI8kmKynzGf6DJhg9vQw8RkkkdlPnA==",
      "requires": {
        "@fullcalendar/core": "~5.3.1",
        "tslib": "^2.0.0"
      }
    },
    "preact": {
      "version": "10.5.5",
      "resolved": "https://registry.npmjs.org/preact/-/preact-10.5.5.tgz",
      "integrity": "sha512-5ONLNH1SXMzzbQoExZX4TELemNt+TEDb622xXFNfZngjjM9qtrzseJt+EfiUu4TZ6EJ95X5sE1ES4yqHFSIdhg=="
    },
    "tslib": {
      "version": "2.0.3",
      "resolved": "https://registry.npmjs.org/tslib/-/tslib-2.0.3.tgz",
      "integrity": "sha512-uZtkfKblCEQtZKBF6EBXVZeQNl82yqtDQdv+eck8u7tdPxjLu2/lp5/uPW+um2tpuxINHWy3GhiccY7QgEaVHQ=="
    }
  }
}
